
Microsoft Visual Studio Solution File, Format Version 12.00
# Visual Studio Version 16
VisualStudioVersion = 16.0.29509.3
MinimumVisualStudioVersion = 10.0.40219.1
Project("{FAE04EC0-301F-11D3-BF4B-00C04F79EFBC}") = "FleetManager.DataAccessLayer", "FleetManager.DataAccessLayer\FleetManager.DataAccessLayer.csproj", "{61BF7EF0-D2D4-4E89-8C49-3F3156EBE755}"
EndProject
Project("{FAE04EC0-301F-11D3-BF4B-00C04F79EFBC}") = "FleetManager.Client", "FleetManager.Client\FleetManager.Client.csproj", "{BE72B6BB-F9DB-4A93-8348-7CA94E74314A}"
EndProject
Global
	GlobalSection(SolutionConfigurationPlatforms) = preSolution
		Debug|Any CPU = Debug|Any CPU
		Release|Any CPU = Release|Any CPU
	EndGlobalSection
	GlobalSection(ProjectConfigurationPlatforms) = postSolution
		{61BF7EF0-D2D4-4E89-8C49-3F3156EBE755}.Debug|Any CPU.ActiveCfg = Debug|Any CPU
		{61BF7EF0-D2D4-4E89-8C49-3F3156EBE755}.Debug|Any CPU.Build.0 = Debug|Any CPU
		{61BF7EF0-D2D4-4E89-8C49-3F3156EBE755}.Release|Any CPU.ActiveCfg = Release|Any CPU
		{61BF7EF0-D2D4-4E89-8C49-3F3156EBE755}.Release|Any CPU.Build.0 = Release|Any CPU
		{BE72B6BB-F9DB-4A93-8348-7CA94E74314A}.Debug|Any CPU.ActiveCfg = Debug|Any CPU
		{BE72B6BB-F9DB-4A93-8348-7CA94E74314A}.Debug|Any CPU.Build.0 = Debug|Any CPU
		{BE72B6BB-F9DB-4A93-8348-7CA94E74314A}.Release|Any CPU.ActiveCfg = Release|Any CPU
		{BE72B6BB-F9DB-4A93-8348-7CA94E74314A}.Release|Any CPU.Build.0 = Release|Any CPU
	EndGlobalSection
	GlobalSection(SolutionProperties) = preSolution
		HideSolutionNode = FALSE
	EndGlobalSection
	GlobalSection(ExtensibilityGlobals) = postSolution
		SolutionGuid = {B5A34AB4-9DD4-4C9B-AAE0-F819E04CDC5A}
	EndGlobalSection
EndGlobal
